{
  "name": "forgemind",
  "version": "1.0.0",
  "lockfileVersion": 3,
  "requires": true,
  "packages": {
    "": {
      "name": "forgemind",
      "version": "1.0.0",
      "license": "MIT",
      "bin": {
        "fgm": "bin/forgemind.js",
        "forgemind": "bin/forgemind.js"
      },
      "engines": {
        "vscode": "^1.80.0"
      }
    }
  }
}
